
Microsoft Visual Studio Solution File, Format Version 12.00
# Visual Studio Version 17
VisualStudioVersion = 17.1.31911.260
MinimumVisualStudioVersion = 10.0.40219.1
Project("{9A19103F-16F7-4668-BE54-9A1E7A4F7556}") = "LoadBalancing", "LoadBalancing.csproj", "{3FA40256-D7BC-4429-B2E3-B60B1F3F68EF}"
EndProject
Global
	GlobalSection(SolutionConfigurationPlatforms) = preSolution
		Debug|Any CPU = Debug|Any CPU
		Release|Any CPU = Release|Any CPU
	EndGlobalSection
	GlobalSection(ProjectConfigurationPlatforms) = postSolution
		{3FA40256-D7BC-4429-B2E3-B60B1F3F68EF}.Debug|Any CPU.ActiveCfg = Debug|Any CPU
		{3FA40256-D7BC-4429-B2E3-B60B1F3F68EF}.Debug|Any CPU.Build.0 = Debug|Any CPU
		{3FA40256-D7BC-4429-B2E3-B60B1F3F68EF}.Release|Any CPU.ActiveCfg = Release|Any CPU
		{3FA40256-D7BC-4429-B2E3-B60B1F3F68EF}.Release|Any CPU.Build.0 = Release|Any CPU
	EndGlobalSection
	GlobalSection(SolutionProperties) = preSolution
		HideSolutionNode = FALSE
	EndGlobalSection
	GlobalSection(ExtensibilityGlobals) = postSolution
		SolutionGuid = {2002794C-E8B4-489E-8E9C-09A30DB5AABB}
	EndGlobalSection
EndGlobal
